// !$*UTF8*$!
{
	archiveVersion = 1;
	classes = {
	};
	objectVersion = 55;
	objects = {

/* Begin PBXBuildFile section */
		5207F755821397A6379203EE /* Pods_Flix_FlixUITests.framework in Frameworks */ = {isa = PBXBuildFile; fileRef = 7D7A37BDF17DC2A823FE1A96 /* Pods_Flix_FlixUITests.framework */; };
		563FE1CE28CC3FCF00ED73FE /* MovieCell.swift in Sources */ = {isa = PBXBuildFile; fileRef = 563FE1CD28CC3FCF00ED73FE /* MovieCell.swift */; };
		563FE1D128CC46F700ED73FE /* AlamofireImage in Frameworks */ = {isa = PBXBuildFile; productRef = 563FE1D028CC46F700ED73FE /* AlamofireImage */; };
		563FE1D428CC571200ED73FE /* AlamofireImage in Frameworks */ = {isa = PBXBuildFile; productRef = 563FE1D328CC571100ED73FE /* AlamofireImage */; };
		563FE1D628CFEFF200ED73FE /* MovieDetailsViewController.swift in Sources */ = {isa = PBXBuildFile; fileRef = 563FE1D528CFEFF200ED73FE /* MovieDetailsViewController.swift */; };
		563FE1D828D0082F00ED73FE /* MovieGridViewController.swift in Sources */ = {isa = PBXBuildFile; fileRef = 563FE1D728D0082F00ED73FE /* MovieGridViewController.swift */; };
		563FE1DA28D031EB00ED73FE /* MovieGridCell.swift in Sources */ = {isa = PBXBuildFile; fileRef = 563FE1D928D031EB00ED73FE /* MovieGridCell.swift */; };
		566A561128CA58AA00839603 /* AppDelegate.swift in Sources */ = {isa = PBXBuildFile; fileRef = 566A561028CA58AA00839603 /* AppDelegate.swift */; };
		566A561328CA58AA00839603 /* SceneDelegate.swift in Sources */ = {isa = PBXBuildFile; fileRef = 566A561228CA58AA00839603 /* SceneDelegate.swift */; };
		566A561528CA58AA00839603 /* MoviesViewController.swift in Sources */ = {isa = PBXBuildFile; fileRef = 566A561428CA58AA00839603 /* MoviesViewController.swift */; };
		566A561828CA58AA00839603 /* Main.storyboard in Resources */ = {isa = PBXBuildFile; fileRef = 566A561628CA58AA00839603 /* Main.storyboard */; };
		566A561A28CA58AC00839603 /* Assets.xcassets in Resources */ = {isa = PBXBuildFile; fileRef = 566A561928CA58AC00839603 /* Assets.xcassets */; };
		566A561D28CA58AC00839603 /* LaunchScreen.storyboard in Resources */ = {isa = PBXBuildFile; fileRef = 566A561B28CA58AC00839603 /* LaunchScreen.storyboard */; };
		566A562828CA58AC00839603 /* FlixTests.swift in Sources */ = {isa = PBXBuildFile; fileRef = 566A562728CA58AC00839603 /* FlixTests.swift */; };
		566A563228CA58AC00839603 /* FlixUITests.swift in Sources */ = {isa = PBXBuildFile; fileRef = 566A563128CA58AC00839603 /* FlixUITests.swift */; };
		566A563428CA58AC00839603 /* FlixUITestsLaunchTests.swift in Sources */ = {isa = PBXBuildFile; fileRef = 566A563328CA58AC00839603 /* FlixUITestsLaunchTests.swift */; };
		BF70AFDF2FC012500CEE3EA9 /* Pods_FlixTests.framework in Frameworks */ = {isa = PBXBuildFile; fileRef = D517B7017A31C0E748276DE3 /* Pods_FlixTests.framework */; };
		EEBB2C4C0D024D769A9772AB /* Pods_Flix.framework in Frameworks */ = {isa = PBXBuildFile; fileRef = B11F6E8558E1182C83A56A1B /* Pods_Flix.framework */; };
/* End PBXBuildFile section */

/* Begin PBXContainerItemProxy section */
		566A562428CA58AC00839603 /* PBXContainerItemProxy */ = {
			isa = PBXContainerItemProxy;
			containerPortal = 566A560528CA58AA00839603 /* Project object */;
			proxyType = 1;
			remoteGlobalIDString = 566A560C28CA58AA00839603;
			remoteInfo = Flix;
		};
		566A562E28CA58AC00839603 /* PBXContainerItemProxy */ = {
			isa = PBXContainerItemProxy;
			containerPortal = 566A560528CA58AA00839603 /* Project object */;
			proxyType = 1;
			remoteGlobalIDString = 566A560C28CA58AA00839603;
			remoteInfo = Flix;
		};
/* End PBXContainerItemProxy section */

/* Begin PBXFileReference section */
		0B19A00660CEC344F176C7AA /* Pods-Flix.debug.xcconfig */ = {isa = PBXFileReference; includeInIndex = 1; lastKnownFileType = text.xcconfig; name = "Pods-Flix.debug.xcconfig"; path = "Target Support Files/Pods-Flix/Pods-Flix.debug.xcconfig"; sourceTree = "<group>"; };
		3C58226CEB570A16A1C2D4AC /* Pods-Flix-FlixUITests.debug.xcconfig */ = {isa = PBXFileReference; includeInIndex = 1; lastKnownFileType = text.xcconfig; name = "Pods-Flix-FlixUITests.debug.xcconfig"; path = "Target Support Files/Pods-Flix-FlixUITests/Pods-Flix-FlixUITests.debug.xcconfig"; sourceTree = "<group>"; };
		4288D2EBC0172657D7CD89BC /* Pods-FlixTests.release.xcconfig */ = {isa = PBXFileReference; includeInIndex = 1; lastKnownFileType = text.xcconfig; name = "Pods-FlixTests.release.xcconfig"; path = "Target Support Files/Pods-FlixTests/Pods-FlixTests.release.xcconfig"; sourceTree = "<group>"; };
		563FE1CD28CC3FCF00ED73FE /* MovieCell.swift */ = {isa = PBXFileReference; lastKnownFileType = sourcecode.swift; path = MovieCell.swift; sourceTree = "<group>"; };
		563FE1D528CFEFF200ED73FE /* MovieDetailsViewController.swift */ = {isa = PBXFileReference; lastKnownFileType = sourcecode.swift; path = MovieDetailsViewController.swift; sourceTree = "<group>"; };
		563FE1D728D0082F00ED73FE /* MovieGridViewController.swift */ = {isa = PBXFileReference; lastKnownFileType = sourcecode.swift; path = MovieGridViewController.swift; sourceTree = "<group>"; };
		563FE1D928D031EB00ED73FE /* MovieGridCell.swift */ = {isa = PBXFileReference; lastKnownFileType = sourcecode.swift; path = MovieGridCell.swift; sourceTree = "<group>"; };
		566A560D28CA58AA00839603 /* Flix.app */ = {isa = PBXFileReference; explicitFileType = wrapper.application; includeInIndex = 0; path = Flix.app; sourceTree = BUILT_PRODUCTS_DIR; };
		566A561028CA58AA00839603 /* AppDelegate.swift */ = {isa = PBXFileReference; lastKnownFileType = sourcecode.swift; path = AppDelegate.swift; sourceTree = "<group>"; };
		566A561228CA58AA00839603 /* SceneDelegate.swift */ = {isa = PBXFileReference; lastKnownFileType = sourcecode.swift; path = SceneDelegate.swift; sourceTree = "<group>"; };
		566A561428CA58AA00839603 /* MoviesViewController.swift */ = {isa = PBXFileReference; lastKnownFileType = sourcecode.swift; path = MoviesViewController.swift; sourceTree = "<group>"; };
		566A561728CA58AA00839603 /* Base */ = {isa = PBXFileReference; lastKnownFileType = file.storyboard; name = Base; path = Base.lproj/Main.storyboard; sourceTree = "<group>"; };
		566A561928CA58AC00839603 /* Assets.xcassets */ = {isa = PBXFileReference; lastKnownFileType = folder.assetcatalog; path = Assets.xcassets; sourceTree = "<group>"; };
		566A561C28CA58AC00839603 /* Base */ = {isa = PBXFileReference; lastKnownFileType = file.storyboard; name = Base; path = Base.lproj/LaunchScreen.storyboard; sourceTree = "<group>"; };
		566A561E28CA58AC00839603 /* Info.plist */ = {isa = PBXFileReference; lastKnownFileType = text.plist.xml; path = Info.plist; sourceTree = "<group>"; };
		566A562328CA58AC00839603 /* FlixTests.xctest */ = {isa = PBXFileReference; explicitFileType = wrapper.cfbundle; includeInIndex = 0; path = FlixTests.xctest; sourceTree = BUILT_PRODUCTS_DIR; };
		566A562728CA58AC00839603 /* FlixTests.swift */ = {isa = PBXFileReference; lastKnownFileType = sourcecode.swift; path = FlixTests.swift; sourceTree = "<group>"; };
		566A562D28CA58AC00839603 /* FlixUITests.xctest */ = {isa = PBXFileReference; explicitFileType = wrapper.cfbundle; includeInIndex = 0; path = FlixUITests.xctest; sourceTree = BUILT_PRODUCTS_DIR; };
		566A563128CA58AC00839603 /* FlixUITests.swift */ = {isa = PBXFileReference; lastKnownFileType = sourcecode.swift; path = FlixUITests.swift; sourceTree = "<group>"; };
		566A563328CA58AC00839603 /* FlixUITestsLaunchTests.swift */ = {isa = PBXFileReference; lastKnownFileType = sourcecode.swift; path = FlixUITestsLaunchTests.swift; sourceTree = "<group>"; };
		7D7A37BDF17DC2A823FE1A96 /* Pods_Flix_FlixUITests.framework */ = {isa = PBXFileReference; explicitFileType = wrapper.framework; includeInIndex = 0; path = Pods_Flix_FlixUITests.framework; sourceTree = BUILT_PRODUCTS_DIR; };
		8DD8267B40DBCA325E9092DF /* Pods-Flix-FlixUITests.release.xcconfig */ = {isa = PBXFileReference; includeInIndex = 1; lastKnownFileType = text.xcconfig; name = "Pods-Flix-FlixUITests.release.xcconfig"; path = "Target Support Files/Pods-Flix-FlixUITests/Pods-Flix-FlixUITests.release.xcconfig"; sourceTree = "<group>"; };
		A6952D69C3811F66CF8FD840 /* Pods-FlixTests.debug.xcconfig */ = {isa = PBXFileReference; includeInIndex = 1; lastKnownFileType = text.xcconfig; name = "Pods-FlixTests.debug.xcconfig"; path = "Target Support Files/Pods-FlixTests/Pods-FlixTests.debug.xcconfig"; sourceTree = "<group>"; };
		A8392792415ACDA6480C5087 /* Pods-Flix.release.xcconfig */ = {isa = PBXFileReference; includeInIndex = 1; lastKnownFileType = text.xcconfig; name = "Pods-Flix.release.xcconfig"; path = "Target Support Files/Pods-Flix/Pods-Flix.release.xcconfig"; sourceTree = "<group>"; };
		B11F6E8558E1182C83A56A1B /* Pods_Flix.framework */ = {isa = PBXFileReference; explicitFileType = wrapper.framework; includeInIndex = 0; path = Pods_Flix.framework; sourceTree = BUILT_PRODUCTS_DIR; };
		D517B7017A31C0E748276DE3 /* Pods_FlixTests.framework */ = {isa = PBXFileReference; explicitFileType = wrapper.framework; includeInIndex = 0; path = Pods_FlixTests.framework; sourceTree = BUILT_PRODUCTS_DIR; };
/* End PBXFileReference section */

/* Begin PBXFrameworksBuildPhase section */
		566A560A28CA58AA00839603 /* Frameworks */ = {
			isa = PBXFrameworksBuildPhase;
			buildActionMask = 2147483647;
			files = (
				563FE1D128CC46F700ED73FE /* AlamofireImage in Frameworks */,
				563FE1D428CC571200ED73FE /* AlamofireImage in Frameworks */,
				EEBB2C4C0D024D769A9772AB /* Pods_Flix.framework in Frameworks */,
			);
			runOnlyForDeploymentPostprocessing = 0;
		};
		566A562028CA58AC00839603 /* Frameworks */ = {
			isa = PBXFrameworksBuildPhase;
			buildActionMask = 2147483647;
			files = (
				BF70AFDF2FC012500CEE3EA9 /* Pods_FlixTests.framework in Frameworks */,
			);
			runOnlyForDeploymentPostprocessing = 0;
		};
		566A562A28CA58AC00839603 /* Frameworks */ = {
			isa = PBXFrameworksBuildPhase;
			buildActionMask = 2147483647;
			files = (
				5207F755821397A6379203EE /* Pods_Flix_FlixUITests.framework in Frameworks */,
			);
			runOnlyForDeploymentPostprocessing = 0;
		};
/* End PBXFrameworksBuildPhase section */

/* Begin PBXGroup section */
		0197975EBC844D612549845E /* Frameworks */ = {
			isa = PBXGroup;
			children = (
				B11F6E8558E1182C83A56A1B /* Pods_Flix.framework */,
				7D7A37BDF17DC2A823FE1A96 /* Pods_Flix_FlixUITests.framework */,
				D517B7017A31C0E748276DE3 /* Pods_FlixTests.framework */,
			);
			name = Frameworks;
			sourceTree = "<group>";
		};
		4E47DC005E1F2BED81559D3E /* Pods */ = {
			isa = PBXGroup;
			children = (
				0B19A00660CEC344F176C7AA /* Pods-Flix.debug.xcconfig */,
				A8392792415ACDA6480C5087 /* Pods-Flix.release.xcconfig */,
				3C58226CEB570A16A1C2D4AC /* Pods-Flix-FlixUITests.debug.xcconfig */,
				8DD8267B40DBCA325E9092DF /* Pods-Flix-FlixUITests.release.xcconfig */,
				A6952D69C3811F66CF8FD840 /* Pods-FlixTests.debug.xcconfig */,
				4288D2EBC0172657D7CD89BC /* Pods-FlixTests.release.xcconfig */,
			);
			path = Pods;
			sourceTree = "<group>";
		};
		566A560428CA58AA00839603 = {
			isa = PBXGroup;
			children = (
				566A560F28CA58AA00839603 /* Flix */,
				566A562628CA58AC00839603 /* FlixTests */,
				566A563028CA58AC00839603 /* FlixUITests */,
				566A560E28CA58AA00839603 /* Products */,
				4E47DC005E1F2BED81559D3E /* Pods */,
				0197975EBC844D612549845E /* Frameworks */,
			);
			sourceTree = "<group>";
		};
		566A560E28CA58AA00839603 /* Products */ = {
			isa = PBXGroup;
			children = (
				566A560D28CA58AA00839603 /* Flix.app */,
				566A562328CA58AC00839603 /* FlixTests.xctest */,
				566A562D28CA58AC00839603 /* FlixUITests.xctest */,
			);
			name = Products;
			sourceTree = "<group>";
		};
		566A560F28CA58AA00839603 /* Flix */ = {
			isa = PBXGroup;
			children = (
				566A561028CA58AA00839603 /* AppDelegate.swift */,
				566A561228CA58AA00839603 /* SceneDelegate.swift */,
				566A561428CA58AA00839603 /* MoviesViewController.swift */,
				563FE1CD28CC3FCF00ED73FE /* MovieCell.swift */,
				566A561628CA58AA00839603 /* Main.storyboard */,
				566A561928CA58AC00839603 /* Assets.xcassets */,
				566A561B28CA58AC00839603 /* LaunchScreen.storyboard */,
				566A561E28CA58AC00839603 /* Info.plist */,
				563FE1D528CFEFF200ED73FE /* MovieDetailsViewController.swift */,
				563FE1D728D0082F00ED73FE /* MovieGridViewController.swift */,
				563FE1D928D031EB00ED73FE /* MovieGridCell.swift */,
			);
			path = Flix;
			sourceTree = "<group>";
		};
		566A562628CA58AC00839603 /* FlixTests */ = {
			isa = PBXGroup;
			children = (
				566A562728CA58AC00839603 /* FlixTests.swift */,
			);
			path = FlixTests;
			sourceTree = "<group>";
		};
		566A563028CA58AC00839603 /* FlixUITests */ = {
			isa = PBXGroup;
			children = (
				566A563128CA58AC00839603 /* FlixUITests.swift */,
				566A563328CA58AC00839603 /* FlixUITestsLaunchTests.swift */,
			);
			path = FlixUITests;
			sourceTree = "<group>";
		};
/* End PBXGroup section */

/* Begin PBXNativeTarget section */
		566A560C28CA58AA00839603 /* Flix */ = {
			isa = PBXNativeTarget;
			buildConfigurationList = 566A563728CA58AC00839603 /* Build configuration list for PBXNativeTarget "Flix" */;
			buildPhases = (
				E14DB3EC038F57A734040C6B /* [CP] Check Pods Manifest.lock */,
				566A560928CA58AA00839603 /* Sources */,
				566A560A28CA58AA00839603 /* Frameworks */,
				566A560B28CA58AA00839603 /* Resources */,
			);
			buildRules = (
			);
			dependencies = (
			);
			name = Flix;
			packageProductDependencies = (
				563FE1D028CC46F700ED73FE /* AlamofireImage */,
				563FE1D328CC571100ED73FE /* AlamofireImage */,
			);
			productName = Flix;
			productReference = 566A560D28CA58AA00839603 /* Flix.app */;
			productType = "com.apple.product-type.application";
		};
		566A562228CA58AC00839603 /* FlixTests */ = {
			isa = PBXNativeTarget;
			buildConfigurationList = 566A563A28CA58AC00839603 /* Build configuration list for PBXNativeTarget "FlixTests" */;
			buildPhases = (
				92049BF9D31BFFC5BB7AC084 /* [CP] Check Pods Manifest.lock */,
				566A561F28CA58AC00839603 /* Sources */,
				566A562028CA58AC00839603 /* Frameworks */,
				566A562128CA58AC00839603 /* Resources */,
			);
			buildRules = (
			);
			dependencies = (
				566A562528CA58AC00839603 /* PBXTargetDependency */,
			);
			name = FlixTests;
			productName = FlixTests;
			productReference = 566A562328CA58AC00839603 /* FlixTests.xctest */;
			productType = "com.apple.product-type.bundle.unit-test";
		};
		566A562C28CA58AC00839603 /* FlixUITests */ = {
			isa = PBXNativeTarget;
			buildConfigurationList = 566A563D28CA58AC00839603 /* Build configuration list for PBXNativeTarget "FlixUITests" */;
			buildPhases = (
				835AD249511CB066064413FD /* [CP] Check Pods Manifest.lock */,
				566A562928CA58AC00839603 /* Sources */,
				566A562A28CA58AC00839603 /* Frameworks */,
				566A562B28CA58AC00839603 /* Resources */,
			);
			buildRules = (
			);
			dependencies = (
				566A562F28CA58AC00839603 /* PBXTargetDependency */,
			);
			name = FlixUITests;
			productName = FlixUITests;
			productReference = 566A562D28CA58AC00839603 /* FlixUITests.xctest */;
			productType = "com.apple.product-type.bundle.ui-testing";
		};
/* End PBXNativeTarget section */

/* Begin PBXProject section */
		566A560528CA58AA00839603 /* Project object */ = {
			isa = PBXProject;
			attributes = {
				BuildIndependentTargetsInParallel = 1;
				LastSwiftUpdateCheck = 1340;
				LastUpgradeCheck = 1340;
				TargetAttributes = {
					566A560C28CA58AA00839603 = {
						CreatedOnToolsVersion = 13.4.1;
					};
					566A562228CA58AC00839603 = {
						CreatedOnToolsVersion = 13.4.1;
						TestTargetID = 566A560C28CA58AA00839603;
					};
					566A562C28CA58AC00839603 = {
						CreatedOnToolsVersion = 13.4.1;
						TestTargetID = 566A560C28CA58AA00839603;
					};
				};
			};
			buildConfigurationList = 566A560828CA58AA00839603 /* Build configuration list for PBXProject "Flix" */;
			compatibilityVersion = "Xcode 13.0";
			developmentRegion = en;
			hasScannedForEncodings = 0;
			knownRegions = (
				en,
				Base,
			);
			mainGroup = 566A560428CA58AA00839603;
			packageReferences = (
				563FE1CF28CC46F700ED73FE /* XCRemoteSwiftPackageReference "AlamofireImage" */,
				563FE1D228CC571100ED73FE /* XCRemoteSwiftPackageReference "AlamofireImage" */,
			);
			productRefGroup = 566A560E28CA58AA00839603 /* Products */;
			projectDirPath = "";
			projectRoot = "";
			targets = (
				566A560C28CA58AA00839603 /* Flix */,
				566A562228CA58AC00839603 /* FlixTests */,
				566A562C28CA58AC00839603 /* FlixUITests */,
			);
		};
/* End PBXProject section */

/* Begin PBXResourcesBuildPhase section */
		566A560B28CA58AA00839603 /* Resources */ = {
			isa = PBXResourcesBuildPhase;
			buildActionMask = 2147483647;
			files = (
				566A561D28CA58AC00839603 /* LaunchScreen.storyboard in Resources */,
				566A561A28CA58AC00839603 /* Assets.xcassets in Resources */,
				566A561828CA58AA00839603 /* Main.storyboard in Resources */,
			);
			runOnlyForDeploymentPostprocessing = 0;
		};
		566A562128CA58AC00839603 /* Resources */ = {
			isa = PBXResourcesBuildPhase;
			buildActionMask = 2147483647;
			files = (
			);
			runOnlyForDeploymentPostprocessing = 0;
		};
		566A562B28CA58AC00839603 /* Resources */ = {
			isa = PBXResourcesBuildPhase;
			buildActionMask = 2147483647;
			files = (
			);
			runOnlyForDeploymentPostprocessing = 0;
		};
/* End PBXResourcesBuildPhase section */

/* Begin PBXShellScriptBuildPhase section */
		835AD249511CB066064413FD /* [CP] Check Pods Manifest.lock */ = {
			isa = PBXShellScriptBuildPhase;
			buildActionMask = 2147483647;
			files = (
			);
			inputFileListPaths = (
			);
			inputPaths = (
				"${PODS_PODFILE_DIR_PATH}/Podfile.lock",
				"${PODS_ROOT}/Manifest.lock",
			);
			name = "[CP] Check Pods Manifest.lock";
			outputFileListPaths = (
			);
			outputPaths = (
				"$(DERIVED_FILE_DIR)/Pods-Flix-FlixUITests-checkManifestLockResult.txt",
			);
			runOnlyForDeploymentPostprocessing = 0;
			shellPath = /bin/sh;
			shellScript = "diff \"${PODS_PODFILE_DIR_PATH}/Podfile.lock\" \"${PODS_ROOT}/Manifest.lock\" > /dev/null\nif [ $? != 0 ] ; then\n    # print error to STDERR\n    echo \"error: The sandbox is not in sync with the Podfile.lock. Run 'pod install' or update your CocoaPods installation.\" >&2\n    exit 1\nfi\n# This output is used by Xcode 'outputs' to avoid re-running this script phase.\necho \"SUCCESS\" > \"${SCRIPT_OUTPUT_FILE_0}\"\n";
			showEnvVarsInLog = 0;
		};
		92049BF9D31BFFC5BB7AC084 /* [CP] Check Pods Manifest.lock */ = {
			isa = PBXShellScriptBuildPhase;
			buildActionMask = 2147483647;
			files = (
			);
			inputFileListPaths = (
			);
			inputPaths = (
				"${PODS_PODFILE_DIR_PATH}/Podfile.lock",
				"${PODS_ROOT}/Manifest.lock",
			);
			name = "[CP] Check Pods Manifest.lock";
			outputFileListPaths = (
			);
			outputPaths = (
				"$(DERIVED_FILE_DIR)/Pods-FlixTests-checkManifestLockResult.txt",
			);
			runOnlyForDeploymentPostprocessing = 0;
			shellPath = /bin/sh;
			shellScript = "diff \"${PODS_PODFILE_DIR_PATH}/Podfile.lock\" \"${PODS_ROOT}/Manifest.lock\" > /dev/null\nif [ $? != 0 ] ; then\n    # print error to STDERR\n    echo \"error: The sandbox is not in sync with the Podfile.lock. Run 'pod install' or update your CocoaPods installation.\" >&2\n    exit 1\nfi\n# This output is used by Xcode 'outputs' to avoid re-running this script phase.\necho \"SUCCESS\" > \"${SCRIPT_OUTPUT_FILE_0}\"\n";
			showEnvVarsInLog = 0;
		};
		E14DB3EC038F57A734040C6B /* [CP] Check Pods Manifest.lock */ = {
			isa = PBXShellScriptBuildPhase;
			buildActionMask = 2147483647;
			files = (
			);
			inputFileListPaths = (
			);
			inputPaths = (
				"${PODS_PODFILE_DIR_PATH}/Podfile.lock",
				"${PODS_ROOT}/Manifest.lock",
			);
			name = "[CP] Check Pods Manifest.lock";
			outputFileListPaths = (
			);
			outputPaths = (
				"$(DERIVED_FILE_DIR)/Pods-Flix-checkManifestLockResult.txt",
			);
			runOnlyForDeploymentPostprocessing = 0;
			shellPath = /bin/sh;
			shellScript = "diff \"${PODS_PODFILE_DIR_PATH}/Podfile.lock\" \"${PODS_ROOT}/Manifest.lock\" > /dev/null\nif [ $? != 0 ] ; then\n    # print error to STDERR\n    echo \"error: The sandbox is not in sync with the Podfile.lock. Run 'pod install' or update your CocoaPods installation.\" >&2\n    exit 1\nfi\n# This output is used by Xcode 'outputs' to avoid re-running this script phase.\necho \"SUCCESS\" > \"${SCRIPT_OUTPUT_FILE_0}\"\n";
			showEnvVarsInLog = 0;
		};
/* End PBXShellScriptBuildPhase section */

/* Begin PBXSourcesBuildPhase section */
		566A560928CA58AA00839603 /* Sources */ = {
			isa = PBXSourcesBuildPhase;
			buildActionMask = 2147483647;
			files = (
				563FE1D628CFEFF200ED73FE /* MovieDetailsViewController.swift in Sources */,
				566A561528CA58AA00839603 /* MoviesViewController.swift in Sources */,
				566A561128CA58AA00839603 /* AppDelegate.swift in Sources */,
				563FE1CE28CC3FCF00ED73FE /* MovieCell.swift in Sources */,
				566A561328CA58AA00839603 /* SceneDelegate.swift in Sources */,
				563FE1D828D0082F00ED73FE /* MovieGridViewController.swift in Sources */,
				563FE1DA28D031EB00ED73FE /* MovieGridCell.swift in Sources */,
			);
			runOnlyForDeploymentPostprocessing = 0;
		};
		566A561F28CA58AC00839603 /* Sources */ = {
			isa = PBXSourcesBuildPhase;
			buildActionMask = 2147483647;
			files = (
				566A562828CA58AC00839603 /* FlixTests.swift in Sources */,
			);
			runOnlyForDeploymentPostprocessing = 0;
		};
		566A562928CA58AC00839603 /* Sources */ = {
			isa = PBXSourcesBuildPhase;
			buildActionMask = 2147483647;
			files = (
				566A563228CA58AC00839603 /* FlixUITests.swift in Sources */,
				566A563428CA58AC00839603 /* FlixUITestsLaunchTests.swift in Sources */,
			);
			runOnlyForDeploymentPostprocessing = 0;
		};
/* End PBXSourcesBuildPhase section */

/* Begin PBXTargetDependency section */
		566A562528CA58AC00839603 /* PBXTargetDependency */ = {
			isa = PBXTargetDependency;
			target = 566A560C28CA58AA00839603 /* Flix */;
			targetProxy = 566A562428CA58AC00839603 /* PBXContainerItemProxy */;
		};
		566A562F28CA58AC00839603 /* PBXTargetDependency */ = {
			isa = PBXTargetDependency;
			target = 566A560C28CA58AA00839603 /* Flix */;
			targetProxy = 566A562E28CA58AC00839603 /* PBXContainerItemProxy */;
		};
/* End PBXTargetDependency section */

/* Begin PBXVariantGroup section */
		566A561628CA58AA00839603 /* Main.storyboard */ = {
			isa = PBXVariantGroup;
			children = (
				566A561728CA58AA00839603 /* Base */,
			);
			name = Main.storyboard;
			sourceTree = "<group>";
		};
		566A561B28CA58AC00839603 /* LaunchScreen.storyboard */ = {
			isa = PBXVariantGroup;
			children = (
				566A561C28CA58AC00839603 /* Base */,
			);
			name = LaunchScreen.storyboard;
			sourceTree = "<group>";
		};
/* End PBXVariantGroup section */

/* Begin XCBuildConfiguration section */
		566A563528CA58AC00839603 /* Debug */ = {
			isa = XCBuildConfiguration;
			buildSettings = {
				ALWAYS_SEARCH_USER_PATHS = NO;
				CLANG_ANALYZER_NONNULL = YES;
				CLANG_ANALYZER_NUMBER_OBJECT_CONVERSION = YES_AGGRESSIVE;
				CLANG_CXX_LANGUAGE_STANDARD = "gnu++17";
				CLANG_ENABLE_MODULES = YES;
				CLANG_ENABLE_OBJC_ARC = YES;
				CLANG_ENABLE_OBJC_WEAK = YES;
				CLANG_WARN_BLOCK_CAPTURE_AUTORELEASING = YES;
				CLANG_WARN_BOOL_CONVERSION = YES;
				CLANG_WARN_COMMA = YES;
				CLANG_WARN_CONSTANT_CONVERSION = YES;
				CLANG_WARN_DEPRECATED_OBJC_IMPLEMENTATIONS = YES;
				CLANG_WARN_DIRECT_OBJC_ISA_USAGE = YES_ERROR;
				CLANG_WARN_DOCUMENTATION_COMMENTS = YES;
				CLANG_WARN_EMPTY_BODY = YES;
				CLANG_WARN_ENUM_CONVERSION = YES;
				CLANG_WARN_INFINITE_RECURSION = YES;
				CLANG_WARN_INT_CONVERSION = YES;
				CLANG_WARN_NON_LITERAL_NULL_CONVERSION = YES;
				CLANG_WARN_OBJC_IMPLICIT_RETAIN_SELF = YES;
				CLANG_WARN_OBJC_LITERAL_CONVERSION = YES;
				CLANG_WARN_OBJC_ROOT_CLASS = YES_ERROR;
				CLANG_WARN_QUOTED_INCLUDE_IN_FRAMEWORK_HEADER = YES;
				CLANG_WARN_RANGE_LOOP_ANALYSIS = YES;
				CLANG_WARN_STRICT_PROTOTYPES = YES;
				CLANG_WARN_SUSPICIOUS_MOVE = YES;
				CLANG_WARN_UNGUARDED_AVAILABILITY = YES_AGGRESSIVE;
				CLANG_WARN_UNREACHABLE_CODE = YES;
				CLANG_WARN__DUPLICATE_METHOD_MATCH = YES;
				COPY_PHASE_STRIP = NO;
				DEBUG_INFORMATION_FORMAT = dwarf;
				ENABLE_STRICT_OBJC_MSGSEND = YES;
				ENABLE_TESTABILITY = YES;
				GCC_C_LANGUAGE_STANDARD = gnu11;
				GCC_DYNAMIC_NO_PIC = NO;
				GCC_NO_COMMON_BLOCKS = YES;
				GCC_OPTIMIZATION_LEVEL = 0;
				GCC_PREPROCESSOR_DEFINITIONS = (
					"DEBUG=1",
					"$(inherited)",
				);
				GCC_WARN_64_TO_32_BIT_CONVERSION = YES;
				GCC_WARN_ABOUT_RETURN_TYPE = YES_ERROR;
				GCC_WARN_UNDECLARED_SELECTOR = YES;
				GCC_WARN_UNINITIALIZED_AUTOS = YES_AGGRESSIVE;
				GCC_WARN_UNUSED_FUNCTION = YES;
				GCC_WARN_UNUSED_VARIABLE = YES;
				IPHONEOS_DEPLOYMENT_TARGET = 15.5;
				MTL_ENABLE_DEBUG_INFO = INCLUDE_SOURCE;
				MTL_FAST_MATH = YES;
				ONLY_ACTIVE_ARCH = YES;
				SDKROOT = iphoneos;
				SWIFT_ACTIVE_COMPILATION_CONDITIONS = DEBUG;
				SWIFT_OPTIMIZATION_LEVEL = "-Onone";
			};
			name = Debug;
		};
		566A563628CA58AC00839603 /* Release */ = {
			isa = XCBuildConfiguration;
			buildSettings = {
				ALWAYS_SEARCH_USER_PATHS = NO;
				CLANG_ANALYZER_NONNULL = YES;
				CLANG_ANALYZER_NUMBER_OBJECT_CONVERSION = YES_AGGRESSIVE;
				CLANG_CXX_LANGUAGE_STANDARD = "gnu++17";
				CLANG_ENABLE_MODULES = YES;
				CLANG_ENABLE_OBJC_ARC = YES;
				CLANG_ENABLE_OBJC_WEAK = YES;
				CLANG_WARN_BLOCK_CAPTURE_AUTORELEASING = YES;
				CLANG_WARN_BOOL_CONVERSION = YES;
				CLANG_WARN_COMMA = YES;
				CLANG_WARN_CONSTANT_CONVERSION = YES;
				CLANG_WARN_DEPRECATED_OBJC_IMPLEMENTATIONS = YES;
				CLANG_WARN_DIRECT_OBJC_ISA_USAGE = YES_ERROR;
				CLANG_WARN_DOCUMENTATION_COMMENTS = YES;
				CLANG_WARN_EMPTY_BODY = YES;
				CLANG_WARN_ENUM_CONVERSION = YES;
				CLANG_WARN_INFINITE_RECURSION = YES;
				CLANG_WARN_INT_CONVERSION = YES;
				CLANG_WARN_NON_LITERAL_NULL_CONVERSION = YES;
				CLANG_WARN_OBJC_IMPLICIT_RETAIN_SELF = YES;
				CLANG_WARN_OBJC_LITERAL_CONVERSION = YES;
				CLANG_WARN_OBJC_ROOT_CLASS = YES_ERROR;
				CLANG_WARN_QUOTED_INCLUDE_IN_FRAMEWORK_HEADER = YES;
				CLANG_WARN_RANGE_LOOP_ANALYSIS = YES;
				CLANG_WARN_STRICT_PROTOTYPES = YES;
				CLANG_WARN_SUSPICIOUS_MOVE = YES;
				CLANG_WARN_UNGUARDED_AVAILABILITY = YES_AGGRESSIVE;
				CLANG_WARN_UNREACHABLE_CODE = YES;
				CLANG_WARN__DUPLICATE_METHOD_MATCH = YES;
				COPY_PHASE_STRIP = NO;
				DEBUG_INFORMATION_FORMAT = "dwarf-with-dsym";
				ENABLE_NS_ASSERTIONS = NO;
				ENABLE_STRICT_OBJC_MSGSEND = YES;
				GCC_C_LANGUAGE_STANDARD = gnu11;
				GCC_NO_COMMON_BLOCKS = YES;
				GCC_WARN_64_TO_32_BIT_CONVERSION = YES;
				GCC_WARN_ABOUT_RETURN_TYPE = YES_ERROR;
				GCC_WARN_UNDECLARED_SELECTOR = YES;
				GCC_WARN_UNINITIALIZED_AUTOS = YES_AGGRESSIVE;
				GCC_WARN_UNUSED_FUNCTION = YES;
				GCC_WARN_UNUSED_VARIABLE = YES;
				IPHONEOS_DEPLOYMENT_TARGET = 15.5;
				MTL_ENABLE_DEBUG_INFO = NO;
				MTL_FAST_MATH = YES;
				SDKROOT = iphoneos;
				SWIFT_COMPILATION_MODE = wholemodule;
				SWIFT_OPTIMIZATION_LEVEL = "-O";
				VALIDATE_PRODUCT = YES;
			};
			name = Release;
		};
		566A563828CA58AC00839603 /* Debug */ = {
			isa = XCBuildConfiguration;
			baseConfigurationReference = 0B19A00660CEC344F176C7AA /* Pods-Flix.debug.xcconfig */;
			buildSettings = {
				ASSETCATALOG_COMPILER_APPICON_NAME = AppIcon;
				ASSETCATALOG_COMPILER_GLOBAL_ACCENT_COLOR_NAME = AccentColor;
				CODE_SIGN_STYLE = Automatic;
				CURRENT_PROJECT_VERSION = 1;
				DEVELOPMENT_TEAM = Z44BDY8G7N;
				GENERATE_INFOPLIST_FILE = YES;
				INFOPLIST_FILE = Flix/Info.plist;
				INFOPLIST_KEY_UIApplicationSupportsIndirectInputEvents = YES;
				INFOPLIST_KEY_UILaunchStoryboardName = LaunchScreen;
				INFOPLIST_KEY_UIMainStoryboardFile = Main;
				INFOPLIST_KEY_UISupportedInterfaceOrientations_iPad = "UIInterfaceOrientationPortrait UIInterfaceOrientationPortraitUpsideDown UIInterfaceOrientationLandscapeLeft UIInterfaceOrientationLandscapeRight";
				INFOPLIST_KEY_UISupportedInterfaceOrientations_iPhone = "UIInterfaceOrientationPortrait UIInterfaceOrientationLandscapeLeft UIInterfaceOrientationLandscapeRight";
				LD_RUNPATH_SEARCH_PATHS = (
					"$(inherited)",
					"@executable_path/Frameworks",
				);
				MARKETING_VERSION = 1.0;
				PRODUCT_BUNDLE_IDENTIFIER = cpp.Flix;
				PRODUCT_NAME = "$(TARGET_NAME)";
				SWIFT_EMIT_LOC_STRINGS = YES;
				SWIFT_VERSION = 5.0;
				TARGETED_DEVICE_FAMILY = "1,2";
			};
			name = Debug;
		};
		566A563928CA58AC00839603 /* Release */ = {
			isa = XCBuildConfiguration;
			baseConfigurationReference = A8392792415ACDA6480C5087 /* Pods-Flix.release.xcconfig */;
			buildSettings = {
				ASSETCATALOG_COMPILER_APPICON_NAME = AppIcon;
				ASSETCATALOG_COMPILER_GLOBAL_ACCENT_COLOR_NAME = AccentColor;
				CODE_SIGN_STYLE = Automatic;
				CURRENT_PROJECT_VERSION = 1;
				DEVELOPMENT_TEAM = Z44BDY8G7N;
				GENERATE_INFOPLIST_FILE = YES;
				INFOPLIST_FILE = Flix/Info.plist;
				INFOPLIST_KEY_UIApplicationSupportsIndirectInputEvents = YES;
				INFOPLIST_KEY_UILaunchStoryboardName = LaunchScreen;
				INFOPLIST_KEY_UIMainStoryboardFile = Main;
				INFOPLIST_KEY_UISupportedInterfaceOrientations_iPad = "UIInterfaceOrientationPortrait UIInterfaceOrientationPortraitUpsideDown UIInterfaceOrientationLandscapeLeft UIInterfaceOrientationLandscapeRight";
				INFOPLIST_KEY_UISupportedInterfaceOrientations_iPhone = "UIInterfaceOrientationPortrait UIInterfaceOrientationLandscapeLeft UIInterfaceOrientationLandscapeRight";
				LD_RUNPATH_SEARCH_PATHS = (
					"$(inherited)",
					"@executable_path/Frameworks",
				);
				MARKETING_VERSION = 1.0;
				PRODUCT_BUNDLE_IDENTIFIER = cpp.Flix;
				PRODUCT_NAME = "$(TARGET_NAME)";
				SWIFT_EMIT_LOC_STRINGS = YES;
				SWIFT_VERSION = 5.0;
				TARGETED_DEVICE_FAMILY = "1,2";
			};
			name = Release;
		};
		566A563B28CA58AC00839603 /* Debug */ = {
			isa = XCBuildConfiguration;
			baseConfigurationReference = A6952D69C3811F66CF8FD840 /* Pods-FlixTests.debug.xcconfig */;
			buildSettings = {
				ALWAYS_EMBED_SWIFT_STANDARD_LIBRARIES = YES;
				BUNDLE_LOADER = "$(TEST_HOST)";
				CODE_SIGN_STYLE = Automatic;
				CURRENT_PROJECT_VERSION = 1;
				DEVELOPMENT_TEAM = Z44BDY8G7N;
				GENERATE_INFOPLIST_FILE = YES;
				IPHONEOS_DEPLOYMENT_TARGET = 15.5;
				MARKETING_VERSION = 1.0;
				PRODUCT_BUNDLE_IDENTIFIER = cpp.FlixTests;
				PRODUCT_NAME = "$(TARGET_NAME)";
				SWIFT_EMIT_LOC_STRINGS = NO;
				SWIFT_VERSION = 5.0;
				TARGETED_DEVICE_FAMILY = "1,2";
				TEST_HOST = "$(BUILT_PRODUCTS_DIR)/Flix.app/Flix";
			};
			name = Debug;
		};
		566A563C28CA58AC00839603 /* Release */ = {
			isa = XCBuildConfiguration;
			baseConfigurationReference = 4288D2EBC0172657D7CD89BC /* Pods-FlixTests.release.xcconfig */;
			buildSettings = {
				ALWAYS_EMBED_SWIFT_STANDARD_LIBRARIES = YES;
				BUNDLE_LOADER = "$(TEST_HOST)";
				CODE_SIGN_STYLE = Automatic;
				CURRENT_PROJECT_VERSION = 1;
				DEVELOPMENT_TEAM = Z44BDY8G7N;
				GENERATE_INFOPLIST_FILE = YES;
				IPHONEOS_DEPLOYMENT_TARGET = 15.5;
				MARKETING_VERSION = 1.0;
				PRODUCT_BUNDLE_IDENTIFIER = cpp.FlixTests;
				PRODUCT_NAME = "$(TARGET_NAME)";
				SWIFT_EMIT_LOC_STRINGS = NO;
				SWIFT_VERSION = 5.0;
				TARGETED_DEVICE_FAMILY = "1,2";
				TEST_HOST = "$(BUILT_PRODUCTS_DIR)/Flix.app/Flix";
			};
			name = Release;
		};
		566A563E28CA58AC00839603 /* Debug */ = {
			isa = XCBuildConfiguration;
			baseConfigurationReference = 3C58226CEB570A16A1C2D4AC /* Pods-Flix-FlixUITests.debug.xcconfig */;
			buildSettings = {
				ALWAYS_EMBED_SWIFT_STANDARD_LIBRARIES = YES;
				CODE_SIGN_STYLE = Automatic;
				CURRENT_PROJECT_VERSION = 1;
				DEVELOPMENT_TEAM = Z44BDY8G7N;
				GENERATE_INFOPLIST_FILE = YES;
				MARKETING_VERSION = 1.0;
				PRODUCT_BUNDLE_IDENTIFIER = cpp.FlixUITests;
				PRODUCT_NAME = "$(TARGET_NAME)";
				SWIFT_EMIT_LOC_STRINGS = NO;
				SWIFT_VERSION = 5.0;
				TARGETED_DEVICE_FAMILY = "1,2";
				TEST_TARGET_NAME = Flix;
			};
			name = Debug;
		};
		566A563F28CA58AC00839603 /* Release */ = {
			isa = XCBuildConfiguration;
			baseConfigurationReference = 8DD8267B40DBCA325E9092DF /* Pods-Flix-FlixUITests.release.xcconfig */;
			buildSettings = {
				ALWAYS_EMBED_SWIFT_STANDARD_LIBRARIES = YES;
				CODE_SIGN_STYLE = Automatic;
				CURRENT_PROJECT_VERSION = 1;
				DEVELOPMENT_TEAM = Z44BDY8G7N;
				GENERATE_INFOPLIST_FILE = YES;
				MARKETING_VERSION = 1.0;
				PRODUCT_BUNDLE_IDENTIFIER = cpp.FlixUITests;
				PRODUCT_NAME = "$(TARGET_NAME)";
				SWIFT_EMIT_LOC_STRINGS = NO;
				SWIFT_VERSION = 5.0;
				TARGETED_DEVICE_FAMILY = "1,2";
				TEST_TARGET_NAME = Flix;
			};
			name = Release;
		};
/* End XCBuildConfiguration section */

/* Begin XCConfigurationList section */
		566A560828CA58AA00839603 /* Build configuration list for PBXProject "Flix" */ = {
			isa = XCConfigurationList;
			buildConfigurations = (
				566A563528CA58AC00839603 /* Debug */,
				566A563628CA58AC00839603 /* Release */,
			);
			defaultConfigurationIsVisible = 0;
			defaultConfigurationName = Release;
		};
		566A563728CA58AC00839603 /* Build configuration list for PBXNativeTarget "Flix" */ = {
			isa = XCConfigurationList;
			buildConfigurations = (
				566A563828CA58AC00839603 /* Debug */,
				566A563928CA58AC00839603 /* Release */,
			);
			defaultConfigurationIsVisible = 0;
			defaultConfigurationName = Release;
		};
		566A563A28CA58AC00839603 /* Build configuration list for PBXNativeTarget "FlixTests" */ = {
			isa = XCConfigurationList;
			buildConfigurations = (
				566A563B28CA58AC00839603 /* Debug */,
				566A563C28CA58AC00839603 /* Release */,
			);
			defaultConfigurationIsVisible = 0;
			defaultConfigurationName = Release;
		};
		566A563D28CA58AC00839603 /* Build configuration list for PBXNativeTarget "FlixUITests" */ = {
			isa = XCConfigurationList;
			buildConfigurations = (
				566A563E28CA58AC00839603 /* Debug */,
				566A563F28CA58AC00839603 /* Release */,
			);
			defaultConfigurationIsVisible = 0;
			defaultConfigurationName = Release;
		};
/* End XCConfigurationList section */

/* Begin XCRemoteSwiftPackageReference section */
		563FE1CF28CC46F700ED73FE /* XCRemoteSwiftPackageReference "AlamofireImage" */ = {
			isa = XCRemoteSwiftPackageReference;
			repositoryURL = "https://github.com/Alamofire/AlamofireImage";
			requirement = {
				kind = upToNextMajorVersion;
				minimumVersion = 4.0.0;
			};
		};
		563FE1D228CC571100ED73FE /* XCRemoteSwiftPackageReference "AlamofireImage" */ = {
			isa = XCRemoteSwiftPackageReference;
			repositoryURL = "https://github.com/Alamofire/AlamofireImage";
			requirement = {
				branch = master;
				kind = branch;
			};
		};
/* End XCRemoteSwiftPackageReference section */

/* Begin XCSwiftPackageProductDependency section */
		563FE1D028CC46F700ED73FE /* AlamofireImage */ = {
			isa = XCSwiftPackageProductDependency;
			package = 563FE1CF28CC46F700ED73FE /* XCRemoteSwiftPackageReference "AlamofireImage" */;
			productName = AlamofireImage;
		};
		563FE1D328CC571100ED73FE /* AlamofireImage */ = {
			isa = XCSwiftPackageProductDependency;
			package = 563FE1D228CC571100ED73FE /* XCRemoteSwiftPackageReference "AlamofireImage" */;
			productName = AlamofireImage;
		};
/* End XCSwiftPackageProductDependency section */
	};
	rootObject = 566A560528CA58AA00839603 /* Project object */;
}
